# THIS IS AN AUTOGENERATED FILE. DO NOT EDIT THIS FILE DIRECTLY.
# yarn lockfile v1


base64-js@^1.0.2:
  version "1.3.0"
  resolved "https://registry.yarnpkg.com/base64-js/-/base64-js-1.3.0.tgz#cab1e6118f051095e58b5281aea8c1cd22bfc0e3"

buffer@^5.0.8:
  version "5.1.0"
  resolved "https://registry.yarnpkg.com/buffer/-/buffer-5.1.0.tgz#c913e43678c7cb7c8bd16afbcddb6c5505e8f9fe"
  dependencies:
    base64-js "^1.0.2"
    ieee754 "^1.1.4"

byte-length@^0.1.1:
  version "0.1.1"
  resolved "https://registry.yarnpkg.com/byte-length/-/byte-length-0.1.1.tgz#e9b4774dbce7c59764bf5be87c302789a88738c3"

deep-equal@^1.0.0:
  version "1.0.1"
  resolved "https://registry.yarnpkg.com/deep-equal/-/deep-equal-1.0.1.tgz#f5d260292b660e084eff4cdbc9f08ad3247448b5"

dropbox-client@^3.0.1:
  version "3.0.3"
  resolved "https://registry.yarnpkg.com/dropbox-client/-/dropbox-client-3.0.3.tgz#478070d69f7ba894facacda714bf5a98c2cf9760"
  dependencies:
    http-client "^4.0.0"
    query-string "^3.0.1"

dropbox@^4.0.7:
  version "4.0.7"
  resolved "https://registry.yarnpkg.com/dropbox/-/dropbox-4.0.7.tgz#68cd706e096b3d307ee7b8b3eb8af7c02a204413"
  dependencies:
    buffer "^5.0.8"
    moment "^2.19.3"

events@^2.0.0:
  version "2.0.0"
  resolved "https://registry.yarnpkg.com/events/-/events-2.0.0.tgz#cbbb56bf3ab1ac18d71c43bb32c86255062769f2"

http-client@^4.0.0:
  version "4.3.1"
  resolved "https://registry.yarnpkg.com/http-client/-/http-client-4.3.1.tgz#cf82fa1b1ef993c078a82144fe677a8671bc7cf2"
  dependencies:
    byte-length "^0.1.1"
    query-string "^4.1.0"

ieee754@^1.1.4:
  version "1.1.12"
  resolved "https://registry.yarnpkg.com/ieee754/-/ieee754-1.1.12.tgz#50bf24e5b9c8bb98af4964c941cdb0918da7b60b"

moment@^2.19.3:
  version "2.22.2"
  resolved "https://registry.yarnpkg.com/moment/-/moment-2.22.2.tgz#3c257f9839fc0e93ff53149632239eb90783ff66"

object-assign@^4.1.0:
  version "4.1.1"
  resolved "https://registry.yarnpkg.com/object-assign/-/object-assign-4.1.1.tgz#2109adc7965887cfc05cbbd442cac8bfbb360863"

query-string@^3.0.1:
  version "3.0.3"
  resolved "https://registry.yarnpkg.com/query-string/-/query-string-3.0.3.tgz#ae2e14b4d05071d4e9b9eb4873c35b0dcd42e638"
  dependencies:
    strict-uri-encode "^1.0.0"

query-string@^4.1.0:
  version "4.3.4"
  resolved "https://registry.yarnpkg.com/query-string/-/query-string-4.3.4.tgz#bbb693b9ca915c232515b228b1a02b609043dbeb"
  dependencies:
    object-assign "^4.1.0"
    strict-uri-encode "^1.0.0"

strict-uri-encode@^1.0.0:
  version "1.1.0"
  resolved "https://registry.yarnpkg.com/strict-uri-encode/-/strict-uri-encode-1.1.0.tgz#279b225df1d582b1f54e65addd4352e18faa0713"
